
Microsoft Visual Studio Solution File, Format Version 12.00
# Visual Studio Version 17
VisualStudioVersion = 17.11.35222.181
MinimumVisualStudioVersion = 10.0.40219.1
Project("{8BC9CEB8-8B4A-11D0-8D11-00A0C91BC942}") = "000_Program", "000_Program\000_Program.vcxproj", "{03BECA7A-0C58-4184-BDB1-73D470668929}"
EndProject
Project("{8BC9CEB8-8B4A-11D0-8D11-00A0C91BC942}") = "001_Function000", "001_Function000\001_Function000.vcxproj", "{6A5E39D1-4B04-41C9-81F3-87591F96019C}"
EndProject
Project("{8BC9CEB8-8B4A-11D0-8D11-00A0C91BC942}") = "002_FunctionMemory", "002_FunctionMemory\002_FunctionMemory.vcxproj", "{C062F50D-9055-4896-A91D-D1F718E9B2A9}"
EndProject
Project("{8BC9CEB8-8B4A-11D0-8D11-00A0C91BC942}") = "003_Var", "003_Var\003_Var.vcxproj", "{638E5FEF-3508-4046-BC5E-4F001562C8BB}"
EndProject
Project("{8BC9CEB8-8B4A-11D0-8D11-00A0C91BC942}") = "004_LocalGlobal", "004_LocalGlobal\004_LocalGlobal.vcxproj", "{FCCD0321-1BA7-4FC8-AB6F-8757D1E974FD}"
EndProject
Project("{8BC9CEB8-8B4A-11D0-8D11-00A0C91BC942}") = "005_operator", "005_operator\005_operator.vcxproj", "{2C87281C-561D-455F-A44C-E1C8AD8A02A2}"
EndProject
Project("{8BC9CEB8-8B4A-11D0-8D11-00A0C91BC942}") = "006_Function001", "006_Function001\006_Function001.vcxproj", "{6167FEA6-881E-4DCC-AF75-95EC8602C84E}"
EndProject
Project("{8BC9CEB8-8B4A-11D0-8D11-00A0C91BC942}") = "007_SignedAndUnSigned", "007_SignedAndUnSigned\007_SignedAndUnSigned.vcxproj", "{C9305BA7-45BB-47E7-8947-8BD1D27305E9}"
EndProject
Project("{8BC9CEB8-8B4A-11D0-8D11-00A0C91BC942}") = "008_Pointer", "008_Pointer\008_Pointer.vcxproj", "{EB535BD9-C1F1-434A-823A-328A9F89E50F}"
EndProject
Project("{8BC9CEB8-8B4A-11D0-8D11-00A0C91BC942}") = "009_Pointer000", "009_Pointer000\009_Pointer000.vcxproj", "{9CFBDC7D-E205-4379-8662-9575B496C8B6}"
EndProject
Project("{8BC9CEB8-8B4A-11D0-8D11-00A0C91BC942}") = "010_Ref", "010_Ref\010_Ref.vcxproj", "{E3B8B1A4-E9BE-4188-9C14-6104296CE2DE}"
EndProject
Project("{8BC9CEB8-8B4A-11D0-8D11-00A0C91BC942}") = "011_RefEx", "011_RefEx\011_RefEx.vcxproj", "{EE22DC32-FC2C-4F67-9357-EDF42936FFCB}"
EndProject
Project("{8BC9CEB8-8B4A-11D0-8D11-00A0C91BC942}") = "012_Cast", "012_Cast\012_Cast.vcxproj", "{5E695762-B675-4102-87C8-3242062F0BD8}"
EndProject
Project("{8BC9CEB8-8B4A-11D0-8D11-00A0C91BC942}") = "013_FunctionParameter", "013_FunctionParameter\013_FunctionParameter.vcxproj", "{32BF4306-69C7-4FB7-968E-7D99788F5537}"
EndProject
Project("{8BC9CEB8-8B4A-11D0-8D11-00A0C91BC942}") = "014_Printf", "014_Printf\014_Printf.vcxproj", "{A5114F0E-DD59-4ACB-959F-7B00BDE2E312}"
EndProject
Project("{8BC9CEB8-8B4A-11D0-8D11-00A0C91BC942}") = "015_Pointer002", "015_Pointer002\015_Pointer002.vcxproj", "{96F96998-8A59-4D3F-A100-B5380C8FD620}"
EndProject
Project("{8BC9CEB8-8B4A-11D0-8D11-00A0C91BC942}") = "016_Pointer003", "016_Pointer003\016_Pointer003.vcxproj", "{94338E99-9075-4101-B141-B5999C626DF1}"
EndProject
Project("{8BC9CEB8-8B4A-11D0-8D11-00A0C91BC942}") = "017_OperatorEx", "017_OperatorEx\017_OperatorEx.vcxproj", "{556152F5-428A-4CD1-9B05-6798BFF4CF5D}"
EndProject
Project("{8BC9CEB8-8B4A-11D0-8D11-00A0C91BC942}") = "018_Char", "018_Char\018_Char.vcxproj", "{BD63B55E-0C19-49DA-B294-B6EF037A7368}"
EndProject
Project("{8BC9CEB8-8B4A-11D0-8D11-00A0C91BC942}") = "019_Array", "019_Array\019_Array.vcxproj", "{D099DA61-0D39-470F-ACCC-9E51C32C0547}"
EndProject
Project("{8BC9CEB8-8B4A-11D0-8D11-00A0C91BC942}") = "020_FunctionRead", "020_FunctionRead\020_FunctionRead.vcxproj", "{633E4092-8187-4355-B0C0-156065AFBFF0}"
EndProject
Project("{8BC9CEB8-8B4A-11D0-8D11-00A0C91BC942}") = "021_while", "021_while\021_while.vcxproj", "{D30EC1CD-0F24-4117-91D3-74A4C69C5CF4}"
EndProject
Project("{8BC9CEB8-8B4A-11D0-8D11-00A0C91BC942}") = "022_for", "022_for\022_for.vcxproj", "{EE5B78B1-6BBC-4CA2-807B-C3655EF30724}"
EndProject
Project("{8BC9CEB8-8B4A-11D0-8D11-00A0C91BC942}") = "023_WhileFor_Test", "023_WhileFor_Test\023_WhileFor_Test.vcxproj", "{83C44D3E-203F-4B2C-90C0-BC1D92B80F15}"
EndProject
Project("{8BC9CEB8-8B4A-11D0-8D11-00A0C91BC942}") = "024_if", "024_if\024_if.vcxproj", "{EA156FFD-556E-4D80-AD95-8989A6CC67A9}"
EndProject
Project("{8BC9CEB8-8B4A-11D0-8D11-00A0C91BC942}") = "025_Switch", "025_Switch\025_Switch.vcxproj", "{5F2F016C-6D18-40AC-A384-3D669F6F826D}"
EndProject
Project("{8BC9CEB8-8B4A-11D0-8D11-00A0C91BC942}") = "026_BreakAndContinue", "026_BreakAndContinue\026_BreakAndContinue.vcxproj", "{5B49C4BC-B3F1-468A-9CF0-7A88D00EC954}"
EndProject
Project("{8BC9CEB8-8B4A-11D0-8D11-00A0C91BC942}") = "027_PrintfEx", "027_PrintfEx\027_PrintfEx.vcxproj", "{7627944A-5B04-45B7-A55A-99F948525E50}"
EndProject
Project("{2150E333-8FDC-42A3-9474-1A3956D46DE8}") = "DOC", "DOC", "{13C95D11-4C48-4AFF-A51A-4F9942477F44}"
	ProjectSection(SolutionItems) = preProject
		3째쭈.txt = 3째쭈.txt
		테스트 및 중점.txt = 테스트 및 중점.txt
	EndProjectSection
EndProject
Project("{8BC9CEB8-8B4A-11D0-8D11-00A0C91BC942}") = "028_Const001", "028_Const001\028_Const001.vcxproj", "{47CD0325-8BA1-4DE2-A7D1-E9E06F5C326B}"
EndProject
Project("{8BC9CEB8-8B4A-11D0-8D11-00A0C91BC942}") = "029_FunctionRead001", "029_FunctionRead001\029_FunctionRead001.vcxproj", "{362FA008-205E-424B-ACD2-DA3062324092}"
EndProject
Project("{8BC9CEB8-8B4A-11D0-8D11-00A0C91BC942}") = "030_Return", "030_Return\030_Return.vcxproj", "{BB829CEF-1A84-4ECE-9F9E-01D4DFCAF49A}"
EndProject
Project("{8BC9CEB8-8B4A-11D0-8D11-00A0C91BC942}") = "031_Random", "031_Random\031_Random.vcxproj", "{A05D2DA2-886C-4010-90E3-A25C84A86090}"
EndProject
Project("{2150E333-8FDC-42A3-9474-1A3956D46DE8}") = "Task", "Task", "{3DC4910D-F678-465E-9896-4074D063D5A6}"
EndProject
Project("{8BC9CEB8-8B4A-11D0-8D11-00A0C91BC942}") = "000_StringCount", "000_StringCount\000_StringCount.vcxproj", "{A867F966-FCA3-49DD-A8AF-6E626B50D10F}"
EndProject
Project("{2150E333-8FDC-42A3-9474-1A3956D46DE8}") = "Pro", "Pro", "{F03C7125-45A4-4B77-AD1A-DB4F4728BB91}"
EndProject
Project("{8BC9CEB8-8B4A-11D0-8D11-00A0C91BC942}") = "StRandom", "StRandom\StRandom.vcxproj", "{523216DA-D453-4291-B7AB-E477ADC721C0}"
EndProject
Project("{8BC9CEB8-8B4A-11D0-8D11-00A0C91BC942}") = "001_NumberCount", "001_NumberCount\001_NumberCount.vcxproj", "{4C379B4B-FFE9-4861-862D-189E602C12EA}"
EndProject
Project("{8BC9CEB8-8B4A-11D0-8D11-00A0C91BC942}") = "002_MyPrintf", "002_MyPrintf\002_MyPrintf.vcxproj", "{AE2DBA87-691C-416B-AE74-A8382BCDDCAA}"
EndProject
Project("{8BC9CEB8-8B4A-11D0-8D11-00A0C91BC942}") = "003_PlusString", "003_PlusString\003_PlusString.vcxproj", "{E2365D71-A0A1-4391-AB3F-4939FACD9B61}"
EndProject
Project("{8BC9CEB8-8B4A-11D0-8D11-00A0C91BC942}") = "TextRpg000", "TextRpg000\TextRpg000.vcxproj", "{D30DDC5A-511A-4DC0-9663-11DFA459D3E7}"
EndProject
Project("{2150E333-8FDC-42A3-9474-1A3956D46DE8}") = "Game", "Game", "{EDA547F3-4A52-4F83-BF70-58E1728E33F5}"
EndProject
Project("{8BC9CEB8-8B4A-11D0-8D11-00A0C91BC942}") = "032_OPPStart", "032_OPPStart\032_OPPStart.vcxproj", "{7BAB10E2-77C9-4DDC-810E-AFEB68FEF1BD}"
EndProject
Project("{8BC9CEB8-8B4A-11D0-8D11-00A0C91BC942}") = "033_Class000_ClassAndObject", "033_Class000_ClassAndObject\033_Class000_ClassAndObject.vcxproj", "{67284049-A480-4103-9C18-EFA658FEF0B7}"
EndProject
Project("{8BC9CEB8-8B4A-11D0-8D11-00A0C91BC942}") = "034_MemberFunction", "034_MemberFunction\034_MemberFunction.vcxproj", "{31DFADCF-2E9E-4BBC-9675-DAAB197CF367}"
EndProject
Project("{8BC9CEB8-8B4A-11D0-8D11-00A0C91BC942}") = "035_MemberVarAndBytePadding", "035_MemberVarAndBytePadding\035_MemberVarAndBytePadding.vcxproj", "{061E9844-447C-449D-90D4-6AA9D4C2EFFE}"
EndProject
Project("{8BC9CEB8-8B4A-11D0-8D11-00A0C91BC942}") = "036_AccessModifier", "036_AccessModifier\036_AccessModifier.vcxproj", "{5F03B289-63DC-462F-916E-342E28CC620D}"
EndProject
Project("{8BC9CEB8-8B4A-11D0-8D11-00A0C91BC942}") = "037_AccessModifier001", "037_AccessModifier001\037_AccessModifier001.vcxproj", "{9EA35E08-7B30-44B2-A86B-D67A41D0E9A4}"
EndProject
Project("{8BC9CEB8-8B4A-11D0-8D11-00A0C91BC942}") = "038_MemberInit", "038_MemberInit\038_MemberInit.vcxproj", "{24D47336-C4FD-41B5-8E10-332DF087F7BF}"
EndProject
Project("{8BC9CEB8-8B4A-11D0-8D11-00A0C91BC942}") = "039_FunctionOverLoadding", "039_FunctionOverLoadding\039_FunctionOverLoadding.vcxproj", "{D41B2904-6222-4877-B43D-B5F48C3BC62C}"
EndProject
Project("{8BC9CEB8-8B4A-11D0-8D11-00A0C91BC942}") = "TextRPG001Object", "TextRPG001Object\TextRPG001Object.vcxproj", "{B8D0A7B4-4E32-4D68-8072-012C9752BE99}"
EndProject
Project("{8BC9CEB8-8B4A-11D0-8D11-00A0C91BC942}") = "040_This", "040_This\040_This.vcxproj", "{1C5EDF1A-5B26-42BD-A62C-6A6A9FF34331}"
EndProject
Project("{8BC9CEB8-8B4A-11D0-8D11-00A0C91BC942}") = "041_Inline", "041_Inline\041_Inline.vcxproj", "{FA75EEBE-390F-450E-A13C-5FF83DE77922}"
EndProject
Project("{8BC9CEB8-8B4A-11D0-8D11-00A0C91BC942}") = "TextRPG002inheritance", "TextRPG002inheritance\TextRPG002inheritance.vcxproj", "{77820B3F-EB3F-45AD-BDA0-519405357CC8}"
EndProject
Project("{8BC9CEB8-8B4A-11D0-8D11-00A0C91BC942}") = "042_inheritance", "042_inheritance\042_inheritance.vcxproj", "{1619EFAE-327F-4A89-A5DD-47E95018C8F9}"
EndProject
Project("{8BC9CEB8-8B4A-11D0-8D11-00A0C91BC942}") = "043_HasAIsA", "043_HasAIsA\043_HasAIsA.vcxproj", "{CF638453-09CE-4652-B523-65D4A81E9BEB}"
EndProject
Project("{8BC9CEB8-8B4A-11D0-8D11-00A0C91BC942}") = "044_Assert", "044_Assert\044_Assert.vcxproj", "{20C20A5F-711A-4E52-9673-6058D5306302}"
EndProject
Project("{8BC9CEB8-8B4A-11D0-8D11-00A0C91BC942}") = "045_TypedefAndUsing", "045_TypedefAndUsing\045_TypedefAndUsing.vcxproj", "{B57E2EC4-EE8F-4644-818D-3CF4E7A35567}"
EndProject
Project("{8BC9CEB8-8B4A-11D0-8D11-00A0C91BC942}") = "046_Define", "046_Define\046_Define.vcxproj", "{3C2D133C-230D-4163-A2E9-2DB5BCE2AAE9}"
EndProject
Project("{8BC9CEB8-8B4A-11D0-8D11-00A0C91BC942}") = "047_ClassOperator", "047_ClassOperator\047_ClassOperator.vcxproj", "{4F61756A-3175-4666-AE45-85AB047E0008}"
EndProject
Project("{8BC9CEB8-8B4A-11D0-8D11-00A0C91BC942}") = "048_ClassDefault", "048_ClassDefault\048_ClassDefault.vcxproj", "{1F368738-5C9B-411B-8AEA-A874F53C2957}"
EndProject
Project("{8BC9CEB8-8B4A-11D0-8D11-00A0C91BC942}") = "049_ClassOperatorEx", "049_ClassOperatorEx\049_ClassOperatorEx.vcxproj", "{27C474ED-6C58-46BF-83A0-35EC8955D22B}"
EndProject
Project("{8BC9CEB8-8B4A-11D0-8D11-00A0C91BC942}") = "050_coutAndNameSpace", "050_cout\050_cout.vcxproj", "{50792135-DB4A-47D8-9FE2-6DD8F6404D57}"
EndProject
Project("{8BC9CEB8-8B4A-11D0-8D11-00A0C91BC942}") = "004_ClassSize", "004_ClassSize\004_ClassSize.vcxproj", "{606193C2-4B34-4B67-AE71-E00D9A9ABEC6}"
EndProject
Project("{8BC9CEB8-8B4A-11D0-8D11-00A0C91BC942}") = "051_GlobalOperator", "051_GlobalOperator\051_GlobalOperator.vcxproj", "{A9268E62-3B8B-4D73-9273-E687F084891F}"
EndProject
Project("{8BC9CEB8-8B4A-11D0-8D11-00A0C91BC942}") = "052_headerAndCpp", "052_headerAndCpp\052_headerAndCpp.vcxproj", "{E5889A76-1BEF-4537-82A3-4C83689157F4}"
EndProject
Project("{8BC9CEB8-8B4A-11D0-8D11-00A0C91BC942}") = "053_DeclarationAndRealization", "053_DeclarationAndRealization\053_DeclarationAndRealization.vcxproj", "{99A70DAC-24E1-48F5-97A4-C6554CC465CF}"
EndProject
Project("{8BC9CEB8-8B4A-11D0-8D11-00A0C91BC942}") = "TextRPG003ClassFile", "TextRPG003ClassFile\TextRPG003ClassFile.vcxproj", "{ADAC5A93-943B-4584-B3F9-66AD5DC26F57}"
EndProject
Project("{8BC9CEB8-8B4A-11D0-8D11-00A0C91BC942}") = "054_FileIO", "054_FileIO\054_FileIO.vcxproj", "{94DCF1F2-2622-4090-BEFB-F941FF009488}"
EndProject
Project("{8BC9CEB8-8B4A-11D0-8D11-00A0C91BC942}") = "055_Struct", "055_Struct\055_Struct.vcxproj", "{996470E5-8C32-4E52-A789-CF5F0E129FD5}"
EndProject
Project("{8BC9CEB8-8B4A-11D0-8D11-00A0C91BC942}") = "055_voidPtr", "055_voidPtr\055_voidPtr.vcxproj", "{B938A628-7A55-4E65-AFFB-77545CC3BC03}"
EndProject
Project("{8BC9CEB8-8B4A-11D0-8D11-00A0C91BC942}") = "BaseSystem", "BaseSystem\BaseSystem.vcxproj", "{0ACEBF45-8515-409B-99DE-190CD392A6FC}"
EndProject
Project("{2150E333-8FDC-42A3-9474-1A3956D46DE8}") = "Framework", "Framework", "{75891E3D-50AA-4D5C-9FBA-144A3F7B5052}"
EndProject
Project("{8BC9CEB8-8B4A-11D0-8D11-00A0C91BC942}") = "056_Destructer", "056_Destructer\056_Destructer.vcxproj", "{20F92699-1523-49AE-9BE5-BD35177DB71A}"
EndProject
Project("{8BC9CEB8-8B4A-11D0-8D11-00A0C91BC942}") = "057_FunctionPtr", "057_FunctionPtr\057_FunctionPtr.vcxproj", "{07E83F05-93B5-44BB-BC86-F99EA4AA01EB}"
EndProject
Project("{8BC9CEB8-8B4A-11D0-8D11-00A0C91BC942}") = "058_Virtual", "058_Virtual\058_Virtual.vcxproj", "{A3899A72-0F3A-4D37-B4FE-4A48204FE42F}"
EndProject
Project("{8BC9CEB8-8B4A-11D0-8D11-00A0C91BC942}") = "059_VirtualFunctionPtr", "059_VirtualFunctionPtr\059_VirtualFunctionPtr.vcxproj", "{0991EA95-B662-461D-BAD0-50ACCC348C57}"
EndProject
Project("{2150E333-8FDC-42A3-9474-1A3956D46DE8}") = "DataStruct", "DataStruct", "{AC60E60E-1126-4647-A165-2691FCE68543}"
EndProject
Project("{8BC9CEB8-8B4A-11D0-8D11-00A0C91BC942}") = "Node", "Node\Node.vcxproj", "{148554ED-E0CC-4F5E-9E69-28430F973EB4}"
EndProject
Global
	GlobalSection(SolutionConfigurationPlatforms) = preSolution
		Debug|x64 = Debug|x64
		Debug|x86 = Debug|x86
		Release|x64 = Release|x64
		Release|x86 = Release|x86
	EndGlobalSection
	GlobalSection(ProjectConfigurationPlatforms) = postSolution
		{03BECA7A-0C58-4184-BDB1-73D470668929}.Debug|x64.ActiveCfg = Debug|x64
		{03BECA7A-0C58-4184-BDB1-73D470668929}.Debug|x64.Build.0 = Debug|x64
		{03BECA7A-0C58-4184-BDB1-73D470668929}.Debug|x86.ActiveCfg = Debug|Win32
		{03BECA7A-0C58-4184-BDB1-73D470668929}.Debug|x86.Build.0 = Debug|Win32
		{03BECA7A-0C58-4184-BDB1-73D470668929}.Release|x64.ActiveCfg = Release|x64
		{03BECA7A-0C58-4184-BDB1-73D470668929}.Release|x64.Build.0 = Release|x64
		{03BECA7A-0C58-4184-BDB1-73D470668929}.Release|x86.ActiveCfg = Release|Win32
		{03BECA7A-0C58-4184-BDB1-73D470668929}.Release|x86.Build.0 = Release|Win32
		{6A5E39D1-4B04-41C9-81F3-87591F96019C}.Debug|x64.ActiveCfg = Debug|x64
		{6A5E39D1-4B04-41C9-81F3-87591F96019C}.Debug|x64.Build.0 = Debug|x64
		{6A5E39D1-4B04-41C9-81F3-87591F96019C}.Debug|x86.ActiveCfg = Debug|Win32
		{6A5E39D1-4B04-41C9-81F3-87591F96019C}.Debug|x86.Build.0 = Debug|Win32
		{6A5E39D1-4B04-41C9-81F3-87591F96019C}.Release|x64.ActiveCfg = Release|x64
		{6A5E39D1-4B04-41C9-81F3-87591F96019C}.Release|x64.Build.0 = Release|x64
		{6A5E39D1-4B04-41C9-81F3-87591F96019C}.Release|x86.ActiveCfg = Release|Win32
		{6A5E39D1-4B04-41C9-81F3-87591F96019C}.Release|x86.Build.0 = Release|Win32
		{C062F50D-9055-4896-A91D-D1F718E9B2A9}.Debug|x64.ActiveCfg = Debug|x64
		{C062F50D-9055-4896-A91D-D1F718E9B2A9}.Debug|x64.Build.0 = Debug|x64
		{C062F50D-9055-4896-A91D-D1F718E9B2A9}.Debug|x86.ActiveCfg = Debug|Win32
		{C062F50D-9055-4896-A91D-D1F718E9B2A9}.Debug|x86.Build.0 = Debug|Win32
		{C062F50D-9055-4896-A91D-D1F718E9B2A9}.Release|x64.ActiveCfg = Release|x64
		{C062F50D-9055-4896-A91D-D1F718E9B2A9}.Release|x64.Build.0 = Release|x64
		{C062F50D-9055-4896-A91D-D1F718E9B2A9}.Release|x86.ActiveCfg = Release|Win32
		{C062F50D-9055-4896-A91D-D1F718E9B2A9}.Release|x86.Build.0 = Release|Win32
		{638E5FEF-3508-4046-BC5E-4F001562C8BB}.Debug|x64.ActiveCfg = Debug|x64
		{638E5FEF-3508-4046-BC5E-4F001562C8BB}.Debug|x64.Build.0 = Debug|x64
		{638E5FEF-3508-4046-BC5E-4F001562C8BB}.Debug|x86.ActiveCfg = Debug|Win32
		{638E5FEF-3508-4046-BC5E-4F001562C8BB}.Debug|x86.Build.0 = Debug|Win32
		{638E5FEF-3508-4046-BC5E-4F001562C8BB}.Release|x64.ActiveCfg = Release|x64
		{638E5FEF-3508-4046-BC5E-4F001562C8BB}.Release|x64.Build.0 = Release|x64
		{638E5FEF-3508-4046-BC5E-4F001562C8BB}.Release|x86.ActiveCfg = Release|Win32
		{638E5FEF-3508-4046-BC5E-4F001562C8BB}.Release|x86.Build.0 = Release|Win32
		{FCCD0321-1BA7-4FC8-AB6F-8757D1E974FD}.Debug|x64.ActiveCfg = Debug|x64
		{FCCD0321-1BA7-4FC8-AB6F-8757D1E974FD}.Debug|x64.Build.0 = Debug|x64
		{FCCD0321-1BA7-4FC8-AB6F-8757D1E974FD}.Debug|x86.ActiveCfg = Debug|Win32
		{FCCD0321-1BA7-4FC8-AB6F-8757D1E974FD}.Debug|x86.Build.0 = Debug|Win32
		{FCCD0321-1BA7-4FC8-AB6F-8757D1E974FD}.Release|x64.ActiveCfg = Release|x64
		{FCCD0321-1BA7-4FC8-AB6F-8757D1E974FD}.Release|x64.Build.0 = Release|x64
		{FCCD0321-1BA7-4FC8-AB6F-8757D1E974FD}.Release|x86.ActiveCfg = Release|Win32
		{FCCD0321-1BA7-4FC8-AB6F-8757D1E974FD}.Release|x86.Build.0 = Release|Win32
		{2C87281C-561D-455F-A44C-E1C8AD8A02A2}.Debug|x64.ActiveCfg = Debug|x64
		{2C87281C-561D-455F-A44C-E1C8AD8A02A2}.Debug|x64.Build.0 = Debug|x64
		{2C87281C-561D-455F-A44C-E1C8AD8A02A2}.Debug|x86.ActiveCfg = Debug|Win32
		{2C87281C-561D-455F-A44C-E1C8AD8A02A2}.Debug|x86.Build.0 = Debug|Win32
		{2C87281C-561D-455F-A44C-E1C8AD8A02A2}.Release|x64.ActiveCfg = Release|x64
		{2C87281C-561D-455F-A44C-E1C8AD8A02A2}.Release|x64.Build.0 = Release|x64
		{2C87281C-561D-455F-A44C-E1C8AD8A02A2}.Release|x86.ActiveCfg = Release|Win32
		{2C87281C-561D-455F-A44C-E1C8AD8A02A2}.Release|x86.Build.0 = Release|Win32
		{6167FEA6-881E-4DCC-AF75-95EC8602C84E}.Debug|x64.ActiveCfg = Debug|x64
		{6167FEA6-881E-4DCC-AF75-95EC8602C84E}.Debug|x64.Build.0 = Debug|x64
		{6167FEA6-881E-4DCC-AF75-95EC8602C84E}.Debug|x86.ActiveCfg = Debug|Win32
		{6167FEA6-881E-4DCC-AF75-95EC8602C84E}.Debug|x86.Build.0 = Debug|Win32
		{6167FEA6-881E-4DCC-AF75-95EC8602C84E}.Release|x64.ActiveCfg = Release|x64
		{6167FEA6-881E-4DCC-AF75-95EC8602C84E}.Release|x64.Build.0 = Release|x64
		{6167FEA6-881E-4DCC-AF75-95EC8602C84E}.Release|x86.ActiveCfg = Release|Win32
		{6167FEA6-881E-4DCC-AF75-95EC8602C84E}.Release|x86.Build.0 = Release|Win32
		{C9305BA7-45BB-47E7-8947-8BD1D27305E9}.Debug|x64.ActiveCfg = Debug|x64
		{C9305BA7-45BB-47E7-8947-8BD1D27305E9}.Debug|x64.Build.0 = Debug|x64
		{C9305BA7-45BB-47E7-8947-8BD1D27305E9}.Debug|x86.ActiveCfg = Debug|Win32
		{C9305BA7-45BB-47E7-8947-8BD1D27305E9}.Debug|x86.Build.0 = Debug|Win32
		{C9305BA7-45BB-47E7-8947-8BD1D27305E9}.Release|x64.ActiveCfg = Release|x64
		{C9305BA7-45BB-47E7-8947-8BD1D27305E9}.Release|x64.Build.0 = Release|x64
		{C9305BA7-45BB-47E7-8947-8BD1D27305E9}.Release|x86.ActiveCfg = Release|Win32
		{C9305BA7-45BB-47E7-8947-8BD1D27305E9}.Release|x86.Build.0 = Release|Win32
		{EB535BD9-C1F1-434A-823A-328A9F89E50F}.Debug|x64.ActiveCfg = Debug|x64
		{EB535BD9-C1F1-434A-823A-328A9F89E50F}.Debug|x64.Build.0 = Debug|x64
		{EB535BD9-C1F1-434A-823A-328A9F89E50F}.Debug|x86.ActiveCfg = Debug|Win32
		{EB535BD9-C1F1-434A-823A-328A9F89E50F}.Debug|x86.Build.0 = Debug|Win32
		{EB535BD9-C1F1-434A-823A-328A9F89E50F}.Release|x64.ActiveCfg = Release|x64
		{EB535BD9-C1F1-434A-823A-328A9F89E50F}.Release|x64.Build.0 = Release|x64
		{EB535BD9-C1F1-434A-823A-328A9F89E50F}.Release|x86.ActiveCfg = Release|Win32
		{EB535BD9-C1F1-434A-823A-328A9F89E50F}.Release|x86.Build.0 = Release|Win32
		{9CFBDC7D-E205-4379-8662-9575B496C8B6}.Debug|x64.ActiveCfg = Debug|x64
		{9CFBDC7D-E205-4379-8662-9575B496C8B6}.Debug|x64.Build.0 = Debug|x64
		{9CFBDC7D-E205-4379-8662-9575B496C8B6}.Debug|x86.ActiveCfg = Debug|Win32
		{9CFBDC7D-E205-4379-8662-9575B496C8B6}.Debug|x86.Build.0 = Debug|Win32
		{9CFBDC7D-E205-4379-8662-9575B496C8B6}.Release|x64.ActiveCfg = Release|x64
		{9CFBDC7D-E205-4379-8662-9575B496C8B6}.Release|x64.Build.0 = Release|x64
		{9CFBDC7D-E205-4379-8662-9575B496C8B6}.Release|x86.ActiveCfg = Release|Win32
		{9CFBDC7D-E205-4379-8662-9575B496C8B6}.Release|x86.Build.0 = Release|Win32
		{E3B8B1A4-E9BE-4188-9C14-6104296CE2DE}.Debug|x64.ActiveCfg = Debug|x64
		{E3B8B1A4-E9BE-4188-9C14-6104296CE2DE}.Debug|x64.Build.0 = Debug|x64
		{E3B8B1A4-E9BE-4188-9C14-6104296CE2DE}.Debug|x86.ActiveCfg = Debug|Win32
		{E3B8B1A4-E9BE-4188-9C14-6104296CE2DE}.Debug|x86.Build.0 = Debug|Win32
		{E3B8B1A4-E9BE-4188-9C14-6104296CE2DE}.Release|x64.ActiveCfg = Release|x64
		{E3B8B1A4-E9BE-4188-9C14-6104296CE2DE}.Release|x64.Build.0 = Release|x64
		{E3B8B1A4-E9BE-4188-9C14-6104296CE2DE}.Release|x86.ActiveCfg = Release|Win32
		{E3B8B1A4-E9BE-4188-9C14-6104296CE2DE}.Release|x86.Build.0 = Release|Win32
		{EE22DC32-FC2C-4F67-9357-EDF42936FFCB}.Debug|x64.ActiveCfg = Debug|x64
		{EE22DC32-FC2C-4F67-9357-EDF42936FFCB}.Debug|x64.Build.0 = Debug|x64
		{EE22DC32-FC2C-4F67-9357-EDF42936FFCB}.Debug|x86.ActiveCfg = Debug|Win32
		{EE22DC32-FC2C-4F67-9357-EDF42936FFCB}.Debug|x86.Build.0 = Debug|Win32
		{EE22DC32-FC2C-4F67-9357-EDF42936FFCB}.Release|x64.ActiveCfg = Release|x64
		{EE22DC32-FC2C-4F67-9357-EDF42936FFCB}.Release|x64.Build.0 = Release|x64
		{EE22DC32-FC2C-4F67-9357-EDF42936FFCB}.Release|x86.ActiveCfg = Release|Win32
		{EE22DC32-FC2C-4F67-9357-EDF42936FFCB}.Release|x86.Build.0 = Release|Win32
		{5E695762-B675-4102-87C8-3242062F0BD8}.Debug|x64.ActiveCfg = Debug|x64
		{5E695762-B675-4102-87C8-3242062F0BD8}.Debug|x64.Build.0 = Debug|x64
		{5E695762-B675-4102-87C8-3242062F0BD8}.Debug|x86.ActiveCfg = Debug|Win32
		{5E695762-B675-4102-87C8-3242062F0BD8}.Debug|x86.Build.0 = Debug|Win32
		{5E695762-B675-4102-87C8-3242062F0BD8}.Release|x64.ActiveCfg = Release|x64
		{5E695762-B675-4102-87C8-3242062F0BD8}.Release|x64.Build.0 = Release|x64
		{5E695762-B675-4102-87C8-3242062F0BD8}.Release|x86.ActiveCfg = Release|Win32
		{5E695762-B675-4102-87C8-3242062F0BD8}.Release|x86.Build.0 = Release|Win32
		{32BF4306-69C7-4FB7-968E-7D99788F5537}.Debug|x64.ActiveCfg = Debug|x64
		{32BF4306-69C7-4FB7-968E-7D99788F5537}.Debug|x64.Build.0 = Debug|x64
		{32BF4306-69C7-4FB7-968E-7D99788F5537}.Debug|x86.ActiveCfg = Debug|Win32
		{32BF4306-69C7-4FB7-968E-7D99788F5537}.Debug|x86.Build.0 = Debug|Win32
		{32BF4306-69C7-4FB7-968E-7D99788F5537}.Release|x64.ActiveCfg = Release|x64
		{32BF4306-69C7-4FB7-968E-7D99788F5537}.Release|x64.Build.0 = Release|x64
		{32BF4306-69C7-4FB7-968E-7D99788F5537}.Release|x86.ActiveCfg = Release|Win32
		{32BF4306-69C7-4FB7-968E-7D99788F5537}.Release|x86.Build.0 = Release|Win32
		{A5114F0E-DD59-4ACB-959F-7B00BDE2E312}.Debug|x64.ActiveCfg = Debug|x64
		{A5114F0E-DD59-4ACB-959F-7B00BDE2E312}.Debug|x64.Build.0 = Debug|x64
		{A5114F0E-DD59-4ACB-959F-7B00BDE2E312}.Debug|x86.ActiveCfg = Debug|Win32
		{A5114F0E-DD59-4ACB-959F-7B00BDE2E312}.Debug|x86.Build.0 = Debug|Win32
		{A5114F0E-DD59-4ACB-959F-7B00BDE2E312}.Release|x64.ActiveCfg = Release|x64
		{A5114F0E-DD59-4ACB-959F-7B00BDE2E312}.Release|x64.Build.0 = Release|x64
		{A5114F0E-DD59-4ACB-959F-7B00BDE2E312}.Release|x86.ActiveCfg = Release|Win32
		{A5114F0E-DD59-4ACB-959F-7B00BDE2E312}.Release|x86.Build.0 = Release|Win32
		{96F96998-8A59-4D3F-A100-B5380C8FD620}.Debug|x64.ActiveCfg = Debug|x64
		{96F96998-8A59-4D3F-A100-B5380C8FD620}.Debug|x64.Build.0 = Debug|x64
		{96F96998-8A59-4D3F-A100-B5380C8FD620}.Debug|x86.ActiveCfg = Debug|Win32
		{96F96998-8A59-4D3F-A100-B5380C8FD620}.Debug|x86.Build.0 = Debug|Win32
		{96F96998-8A59-4D3F-A100-B5380C8FD620}.Release|x64.ActiveCfg = Release|x64
		{96F96998-8A59-4D3F-A100-B5380C8FD620}.Release|x64.Build.0 = Release|x64
		{96F96998-8A59-4D3F-A100-B5380C8FD620}.Release|x86.ActiveCfg = Release|Win32
		{96F96998-8A59-4D3F-A100-B5380C8FD620}.Release|x86.Build.0 = Release|Win32
		{94338E99-9075-4101-B141-B5999C626DF1}.Debug|x64.ActiveCfg = Debug|x64
		{94338E99-9075-4101-B141-B5999C626DF1}.Debug|x64.Build.0 = Debug|x64
		{94338E99-9075-4101-B141-B5999C626DF1}.Debug|x86.ActiveCfg = Debug|Win32
		{94338E99-9075-4101-B141-B5999C626DF1}.Debug|x86.Build.0 = Debug|Win32
		{94338E99-9075-4101-B141-B5999C626DF1}.Release|x64.ActiveCfg = Release|x64
		{94338E99-9075-4101-B141-B5999C626DF1}.Release|x64.Build.0 = Release|x64
		{94338E99-9075-4101-B141-B5999C626DF1}.Release|x86.ActiveCfg = Release|Win32
		{94338E99-9075-4101-B141-B5999C626DF1}.Release|x86.Build.0 = Release|Win32
		{556152F5-428A-4CD1-9B05-6798BFF4CF5D}.Debug|x64.ActiveCfg = Debug|x64
		{556152F5-428A-4CD1-9B05-6798BFF4CF5D}.Debug|x64.Build.0 = Debug|x64
		{556152F5-428A-4CD1-9B05-6798BFF4CF5D}.Debug|x86.ActiveCfg = Debug|Win32
		{556152F5-428A-4CD1-9B05-6798BFF4CF5D}.Debug|x86.Build.0 = Debug|Win32
		{556152F5-428A-4CD1-9B05-6798BFF4CF5D}.Release|x64.ActiveCfg = Release|x64
		{556152F5-428A-4CD1-9B05-6798BFF4CF5D}.Release|x64.Build.0 = Release|x64
		{556152F5-428A-4CD1-9B05-6798BFF4CF5D}.Release|x86.ActiveCfg = Release|Win32
		{556152F5-428A-4CD1-9B05-6798BFF4CF5D}.Release|x86.Build.0 = Release|Win32
		{BD63B55E-0C19-49DA-B294-B6EF037A7368}.Debug|x64.ActiveCfg = Debug|x64
		{BD63B55E-0C19-49DA-B294-B6EF037A7368}.Debug|x64.Build.0 = Debug|x64
		{BD63B55E-0C19-49DA-B294-B6EF037A7368}.Debug|x86.ActiveCfg = Debug|Win32
		{BD63B55E-0C19-49DA-B294-B6EF037A7368}.Debug|x86.Build.0 = Debug|Win32
		{BD63B55E-0C19-49DA-B294-B6EF037A7368}.Release|x64.ActiveCfg = Release|x64
		{BD63B55E-0C19-49DA-B294-B6EF037A7368}.Release|x64.Build.0 = Release|x64
		{BD63B55E-0C19-49DA-B294-B6EF037A7368}.Release|x86.ActiveCfg = Release|Win32
		{BD63B55E-0C19-49DA-B294-B6EF037A7368}.Release|x86.Build.0 = Release|Win32
		{D099DA61-0D39-470F-ACCC-9E51C32C0547}.Debug|x64.ActiveCfg = Debug|x64
		{D099DA61-0D39-470F-ACCC-9E51C32C0547}.Debug|x64.Build.0 = Debug|x64
		{D099DA61-0D39-470F-ACCC-9E51C32C0547}.Debug|x86.ActiveCfg = Debug|Win32
		{D099DA61-0D39-470F-ACCC-9E51C32C0547}.Debug|x86.Build.0 = Debug|Win32
		{D099DA61-0D39-470F-ACCC-9E51C32C0547}.Release|x64.ActiveCfg = Release|x64
		{D099DA61-0D39-470F-ACCC-9E51C32C0547}.Release|x64.Build.0 = Release|x64
		{D099DA61-0D39-470F-ACCC-9E51C32C0547}.Release|x86.ActiveCfg = Release|Win32
		{D099DA61-0D39-470F-ACCC-9E51C32C0547}.Release|x86.Build.0 = Release|Win32
		{633E4092-8187-4355-B0C0-156065AFBFF0}.Debug|x64.ActiveCfg = Debug|x64
		{633E4092-8187-4355-B0C0-156065AFBFF0}.Debug|x64.Build.0 = Debug|x64
		{633E4092-8187-4355-B0C0-156065AFBFF0}.Debug|x86.ActiveCfg = Debug|Win32
		{633E4092-8187-4355-B0C0-156065AFBFF0}.Debug|x86.Build.0 = Debug|Win32
		{633E4092-8187-4355-B0C0-156065AFBFF0}.Release|x64.ActiveCfg = Release|x64
		{633E4092-8187-4355-B0C0-156065AFBFF0}.Release|x64.Build.0 = Release|x64
		{633E4092-8187-4355-B0C0-156065AFBFF0}.Release|x86.ActiveCfg = Release|Win32
		{633E4092-8187-4355-B0C0-156065AFBFF0}.Release|x86.Build.0 = Release|Win32
		{D30EC1CD-0F24-4117-91D3-74A4C69C5CF4}.Debug|x64.ActiveCfg = Debug|x64
		{D30EC1CD-0F24-4117-91D3-74A4C69C5CF4}.Debug|x64.Build.0 = Debug|x64
		{D30EC1CD-0F24-4117-91D3-74A4C69C5CF4}.Debug|x86.ActiveCfg = Debug|Win32
		{D30EC1CD-0F24-4117-91D3-74A4C69C5CF4}.Debug|x86.Build.0 = Debug|Win32
		{D30EC1CD-0F24-4117-91D3-74A4C69C5CF4}.Release|x64.ActiveCfg = Release|x64
		{D30EC1CD-0F24-4117-91D3-74A4C69C5CF4}.Release|x64.Build.0 = Release|x64
		{D30EC1CD-0F24-4117-91D3-74A4C69C5CF4}.Release|x86.ActiveCfg = Release|Win32
		{D30EC1CD-0F24-4117-91D3-74A4C69C5CF4}.Release|x86.Build.0 = Release|Win32
		{EE5B78B1-6BBC-4CA2-807B-C3655EF30724}.Debug|x64.ActiveCfg = Debug|x64
		{EE5B78B1-6BBC-4CA2-807B-C3655EF30724}.Debug|x64.Build.0 = Debug|x64
		{EE5B78B1-6BBC-4CA2-807B-C3655EF30724}.Debug|x86.ActiveCfg = Debug|Win32
		{EE5B78B1-6BBC-4CA2-807B-C3655EF30724}.Debug|x86.Build.0 = Debug|Win32
		{EE5B78B1-6BBC-4CA2-807B-C3655EF30724}.Release|x64.ActiveCfg = Release|x64
		{EE5B78B1-6BBC-4CA2-807B-C3655EF30724}.Release|x64.Build.0 = Release|x64
		{EE5B78B1-6BBC-4CA2-807B-C3655EF30724}.Release|x86.ActiveCfg = Release|Win32
		{EE5B78B1-6BBC-4CA2-807B-C3655EF30724}.Release|x86.Build.0 = Release|Win32
		{83C44D3E-203F-4B2C-90C0-BC1D92B80F15}.Debug|x64.ActiveCfg = Debug|x64
		{83C44D3E-203F-4B2C-90C0-BC1D92B80F15}.Debug|x64.Build.0 = Debug|x64
		{83C44D3E-203F-4B2C-90C0-BC1D92B80F15}.Debug|x86.ActiveCfg = Debug|Win32
		{83C44D3E-203F-4B2C-90C0-BC1D92B80F15}.Debug|x86.Build.0 = Debug|Win32
		{83C44D3E-203F-4B2C-90C0-BC1D92B80F15}.Release|x64.ActiveCfg = Release|x64
		{83C44D3E-203F-4B2C-90C0-BC1D92B80F15}.Release|x64.Build.0 = Release|x64
		{83C44D3E-203F-4B2C-90C0-BC1D92B80F15}.Release|x86.ActiveCfg = Release|Win32
		{83C44D3E-203F-4B2C-90C0-BC1D92B80F15}.Release|x86.Build.0 = Release|Win32
		{EA156FFD-556E-4D80-AD95-8989A6CC67A9}.Debug|x64.ActiveCfg = Debug|x64
		{EA156FFD-556E-4D80-AD95-8989A6CC67A9}.Debug|x64.Build.0 = Debug|x64
		{EA156FFD-556E-4D80-AD95-8989A6CC67A9}.Debug|x86.ActiveCfg = Debug|Win32
		{EA156FFD-556E-4D80-AD95-8989A6CC67A9}.Debug|x86.Build.0 = Debug|Win32
		{EA156FFD-556E-4D80-AD95-8989A6CC67A9}.Release|x64.ActiveCfg = Release|x64
		{EA156FFD-556E-4D80-AD95-8989A6CC67A9}.Release|x64.Build.0 = Release|x64
		{EA156FFD-556E-4D80-AD95-8989A6CC67A9}.Release|x86.ActiveCfg = Release|Win32
		{EA156FFD-556E-4D80-AD95-8989A6CC67A9}.Release|x86.Build.0 = Release|Win32
		{5F2F016C-6D18-40AC-A384-3D669F6F826D}.Debug|x64.ActiveCfg = Debug|x64
		{5F2F016C-6D18-40AC-A384-3D669F6F826D}.Debug|x64.Build.0 = Debug|x64
		{5F2F016C-6D18-40AC-A384-3D669F6F826D}.Debug|x86.ActiveCfg = Debug|Win32
		{5F2F016C-6D18-40AC-A384-3D669F6F826D}.Debug|x86.Build.0 = Debug|Win32
		{5F2F016C-6D18-40AC-A384-3D669F6F826D}.Release|x64.ActiveCfg = Release|x64
		{5F2F016C-6D18-40AC-A384-3D669F6F826D}.Release|x64.Build.0 = Release|x64
		{5F2F016C-6D18-40AC-A384-3D669F6F826D}.Release|x86.ActiveCfg = Release|Win32
		{5F2F016C-6D18-40AC-A384-3D669F6F826D}.Release|x86.Build.0 = Release|Win32
		{5B49C4BC-B3F1-468A-9CF0-7A88D00EC954}.Debug|x64.ActiveCfg = Debug|x64
		{5B49C4BC-B3F1-468A-9CF0-7A88D00EC954}.Debug|x64.Build.0 = Debug|x64
		{5B49C4BC-B3F1-468A-9CF0-7A88D00EC954}.Debug|x86.ActiveCfg = Debug|Win32
		{5B49C4BC-B3F1-468A-9CF0-7A88D00EC954}.Debug|x86.Build.0 = Debug|Win32
		{5B49C4BC-B3F1-468A-9CF0-7A88D00EC954}.Release|x64.ActiveCfg = Release|x64
		{5B49C4BC-B3F1-468A-9CF0-7A88D00EC954}.Release|x64.Build.0 = Release|x64
		{5B49C4BC-B3F1-468A-9CF0-7A88D00EC954}.Release|x86.ActiveCfg = Release|Win32
		{5B49C4BC-B3F1-468A-9CF0-7A88D00EC954}.Release|x86.Build.0 = Release|Win32
		{7627944A-5B04-45B7-A55A-99F948525E50}.Debug|x64.ActiveCfg = Debug|x64
		{7627944A-5B04-45B7-A55A-99F948525E50}.Debug|x64.Build.0 = Debug|x64
		{7627944A-5B04-45B7-A55A-99F948525E50}.Debug|x86.ActiveCfg = Debug|Win32
		{7627944A-5B04-45B7-A55A-99F948525E50}.Debug|x86.Build.0 = Debug|Win32
		{7627944A-5B04-45B7-A55A-99F948525E50}.Release|x64.ActiveCfg = Release|x64
		{7627944A-5B04-45B7-A55A-99F948525E50}.Release|x64.Build.0 = Release|x64
		{7627944A-5B04-45B7-A55A-99F948525E50}.Release|x86.ActiveCfg = Release|Win32
		{7627944A-5B04-45B7-A55A-99F948525E50}.Release|x86.Build.0 = Release|Win32
		{47CD0325-8BA1-4DE2-A7D1-E9E06F5C326B}.Debug|x64.ActiveCfg = Debug|x64
		{47CD0325-8BA1-4DE2-A7D1-E9E06F5C326B}.Debug|x64.Build.0 = Debug|x64
		{47CD0325-8BA1-4DE2-A7D1-E9E06F5C326B}.Debug|x86.ActiveCfg = Debug|Win32
		{47CD0325-8BA1-4DE2-A7D1-E9E06F5C326B}.Debug|x86.Build.0 = Debug|Win32
		{47CD0325-8BA1-4DE2-A7D1-E9E06F5C326B}.Release|x64.ActiveCfg = Release|x64
		{47CD0325-8BA1-4DE2-A7D1-E9E06F5C326B}.Release|x64.Build.0 = Release|x64
		{47CD0325-8BA1-4DE2-A7D1-E9E06F5C326B}.Release|x86.ActiveCfg = Release|Win32
		{47CD0325-8BA1-4DE2-A7D1-E9E06F5C326B}.Release|x86.Build.0 = Release|Win32
		{362FA008-205E-424B-ACD2-DA3062324092}.Debug|x64.ActiveCfg = Debug|x64
		{362FA008-205E-424B-ACD2-DA3062324092}.Debug|x64.Build.0 = Debug|x64
		{362FA008-205E-424B-ACD2-DA3062324092}.Debug|x86.ActiveCfg = Debug|Win32
		{362FA008-205E-424B-ACD2-DA3062324092}.Debug|x86.Build.0 = Debug|Win32
		{362FA008-205E-424B-ACD2-DA3062324092}.Release|x64.ActiveCfg = Release|x64
		{362FA008-205E-424B-ACD2-DA3062324092}.Release|x64.Build.0 = Release|x64
		{362FA008-205E-424B-ACD2-DA3062324092}.Release|x86.ActiveCfg = Release|Win32
		{362FA008-205E-424B-ACD2-DA3062324092}.Release|x86.Build.0 = Release|Win32
		{BB829CEF-1A84-4ECE-9F9E-01D4DFCAF49A}.Debug|x64.ActiveCfg = Debug|x64
		{BB829CEF-1A84-4ECE-9F9E-01D4DFCAF49A}.Debug|x64.Build.0 = Debug|x64
		{BB829CEF-1A84-4ECE-9F9E-01D4DFCAF49A}.Debug|x86.ActiveCfg = Debug|Win32
		{BB829CEF-1A84-4ECE-9F9E-01D4DFCAF49A}.Debug|x86.Build.0 = Debug|Win32
		{BB829CEF-1A84-4ECE-9F9E-01D4DFCAF49A}.Release|x64.ActiveCfg = Release|x64
		{BB829CEF-1A84-4ECE-9F9E-01D4DFCAF49A}.Release|x64.Build.0 = Release|x64
		{BB829CEF-1A84-4ECE-9F9E-01D4DFCAF49A}.Release|x86.ActiveCfg = Release|Win32
		{BB829CEF-1A84-4ECE-9F9E-01D4DFCAF49A}.Release|x86.Build.0 = Release|Win32
		{A05D2DA2-886C-4010-90E3-A25C84A86090}.Debug|x64.ActiveCfg = Debug|x64
		{A05D2DA2-886C-4010-90E3-A25C84A86090}.Debug|x64.Build.0 = Debug|x64
		{A05D2DA2-886C-4010-90E3-A25C84A86090}.Debug|x86.ActiveCfg = Debug|Win32
		{A05D2DA2-886C-4010-90E3-A25C84A86090}.Debug|x86.Build.0 = Debug|Win32
		{A05D2DA2-886C-4010-90E3-A25C84A86090}.Release|x64.ActiveCfg = Release|x64
		{A05D2DA2-886C-4010-90E3-A25C84A86090}.Release|x64.Build.0 = Release|x64
		{A05D2DA2-886C-4010-90E3-A25C84A86090}.Release|x86.ActiveCfg = Release|Win32
		{A05D2DA2-886C-4010-90E3-A25C84A86090}.Release|x86.Build.0 = Release|Win32
		{A867F966-FCA3-49DD-A8AF-6E626B50D10F}.Debug|x64.ActiveCfg = Debug|x64
		{A867F966-FCA3-49DD-A8AF-6E626B50D10F}.Debug|x64.Build.0 = Debug|x64
		{A867F966-FCA3-49DD-A8AF-6E626B50D10F}.Debug|x86.ActiveCfg = Debug|Win32
		{A867F966-FCA3-49DD-A8AF-6E626B50D10F}.Debug|x86.Build.0 = Debug|Win32
		{A867F966-FCA3-49DD-A8AF-6E626B50D10F}.Release|x64.ActiveCfg = Release|x64
		{A867F966-FCA3-49DD-A8AF-6E626B50D10F}.Release|x64.Build.0 = Release|x64
		{A867F966-FCA3-49DD-A8AF-6E626B50D10F}.Release|x86.ActiveCfg = Release|Win32
		{A867F966-FCA3-49DD-A8AF-6E626B50D10F}.Release|x86.Build.0 = Release|Win32
		{523216DA-D453-4291-B7AB-E477ADC721C0}.Debug|x64.ActiveCfg = Debug|x64
		{523216DA-D453-4291-B7AB-E477ADC721C0}.Debug|x64.Build.0 = Debug|x64
		{523216DA-D453-4291-B7AB-E477ADC721C0}.Debug|x86.ActiveCfg = Debug|Win32
		{523216DA-D453-4291-B7AB-E477ADC721C0}.Debug|x86.Build.0 = Debug|Win32
		{523216DA-D453-4291-B7AB-E477ADC721C0}.Release|x64.ActiveCfg = Release|x64
		{523216DA-D453-4291-B7AB-E477ADC721C0}.Release|x64.Build.0 = Release|x64
		{523216DA-D453-4291-B7AB-E477ADC721C0}.Release|x86.ActiveCfg = Release|Win32
		{523216DA-D453-4291-B7AB-E477ADC721C0}.Release|x86.Build.0 = Release|Win32
		{4C379B4B-FFE9-4861-862D-189E602C12EA}.Debug|x64.ActiveCfg = Debug|x64
		{4C379B4B-FFE9-4861-862D-189E602C12EA}.Debug|x64.Build.0 = Debug|x64
		{4C379B4B-FFE9-4861-862D-189E602C12EA}.Debug|x86.ActiveCfg = Debug|Win32
		{4C379B4B-FFE9-4861-862D-189E602C12EA}.Debug|x86.Build.0 = Debug|Win32
		{4C379B4B-FFE9-4861-862D-189E602C12EA}.Release|x64.ActiveCfg = Release|x64
		{4C379B4B-FFE9-4861-862D-189E602C12EA}.Release|x64.Build.0 = Release|x64
		{4C379B4B-FFE9-4861-862D-189E602C12EA}.Release|x86.ActiveCfg = Release|Win32
		{4C379B4B-FFE9-4861-862D-189E602C12EA}.Release|x86.Build.0 = Release|Win32
		{AE2DBA87-691C-416B-AE74-A8382BCDDCAA}.Debug|x64.ActiveCfg = Debug|x64
		{AE2DBA87-691C-416B-AE74-A8382BCDDCAA}.Debug|x64.Build.0 = Debug|x64
		{AE2DBA87-691C-416B-AE74-A8382BCDDCAA}.Debug|x86.ActiveCfg = Debug|Win32
		{AE2DBA87-691C-416B-AE74-A8382BCDDCAA}.Debug|x86.Build.0 = Debug|Win32
		{AE2DBA87-691C-416B-AE74-A8382BCDDCAA}.Release|x64.ActiveCfg = Release|x64
		{AE2DBA87-691C-416B-AE74-A8382BCDDCAA}.Release|x64.Build.0 = Release|x64
		{AE2DBA87-691C-416B-AE74-A8382BCDDCAA}.Release|x86.ActiveCfg = Release|Win32
		{AE2DBA87-691C-416B-AE74-A8382BCDDCAA}.Release|x86.Build.0 = Release|Win32
		{E2365D71-A0A1-4391-AB3F-4939FACD9B61}.Debug|x64.ActiveCfg = Debug|x64
		{E2365D71-A0A1-4391-AB3F-4939FACD9B61}.Debug|x64.Build.0 = Debug|x64
		{E2365D71-A0A1-4391-AB3F-4939FACD9B61}.Debug|x86.ActiveCfg = Debug|Win32
		{E2365D71-A0A1-4391-AB3F-4939FACD9B61}.Debug|x86.Build.0 = Debug|Win32
		{E2365D71-A0A1-4391-AB3F-4939FACD9B61}.Release|x64.ActiveCfg = Release|x64
		{E2365D71-A0A1-4391-AB3F-4939FACD9B61}.Release|x64.Build.0 = Release|x64
		{E2365D71-A0A1-4391-AB3F-4939FACD9B61}.Release|x86.ActiveCfg = Release|Win32
		{E2365D71-A0A1-4391-AB3F-4939FACD9B61}.Release|x86.Build.0 = Release|Win32
		{D30DDC5A-511A-4DC0-9663-11DFA459D3E7}.Debug|x64.ActiveCfg = Debug|x64
		{D30DDC5A-511A-4DC0-9663-11DFA459D3E7}.Debug|x64.Build.0 = Debug|x64
		{D30DDC5A-511A-4DC0-9663-11DFA459D3E7}.Debug|x86.ActiveCfg = Debug|Win32
		{D30DDC5A-511A-4DC0-9663-11DFA459D3E7}.Debug|x86.Build.0 = Debug|Win32
		{D30DDC5A-511A-4DC0-9663-11DFA459D3E7}.Release|x64.ActiveCfg = Release|x64
		{D30DDC5A-511A-4DC0-9663-11DFA459D3E7}.Release|x64.Build.0 = Release|x64
		{D30DDC5A-511A-4DC0-9663-11DFA459D3E7}.Release|x86.ActiveCfg = Release|Win32
		{D30DDC5A-511A-4DC0-9663-11DFA459D3E7}.Release|x86.Build.0 = Release|Win32
		{7BAB10E2-77C9-4DDC-810E-AFEB68FEF1BD}.Debug|x64.ActiveCfg = Debug|x64
		{7BAB10E2-77C9-4DDC-810E-AFEB68FEF1BD}.Debug|x64.Build.0 = Debug|x64
		{7BAB10E2-77C9-4DDC-810E-AFEB68FEF1BD}.Debug|x86.ActiveCfg = Debug|Win32
		{7BAB10E2-77C9-4DDC-810E-AFEB68FEF1BD}.Debug|x86.Build.0 = Debug|Win32
		{7BAB10E2-77C9-4DDC-810E-AFEB68FEF1BD}.Release|x64.ActiveCfg = Release|x64
		{7BAB10E2-77C9-4DDC-810E-AFEB68FEF1BD}.Release|x64.Build.0 = Release|x64
		{7BAB10E2-77C9-4DDC-810E-AFEB68FEF1BD}.Release|x86.ActiveCfg = Release|Win32
		{7BAB10E2-77C9-4DDC-810E-AFEB68FEF1BD}.Release|x86.Build.0 = Release|Win32
		{67284049-A480-4103-9C18-EFA658FEF0B7}.Debug|x64.ActiveCfg = Debug|x64
		{67284049-A480-4103-9C18-EFA658FEF0B7}.Debug|x64.Build.0 = Debug|x64
		{67284049-A480-4103-9C18-EFA658FEF0B7}.Debug|x86.ActiveCfg = Debug|Win32
		{67284049-A480-4103-9C18-EFA658FEF0B7}.Debug|x86.Build.0 = Debug|Win32
		{67284049-A480-4103-9C18-EFA658FEF0B7}.Release|x64.ActiveCfg = Release|x64
		{67284049-A480-4103-9C18-EFA658FEF0B7}.Release|x64.Build.0 = Release|x64
		{67284049-A480-4103-9C18-EFA658FEF0B7}.Release|x86.ActiveCfg = Release|Win32
		{67284049-A480-4103-9C18-EFA658FEF0B7}.Release|x86.Build.0 = Release|Win32
		{31DFADCF-2E9E-4BBC-9675-DAAB197CF367}.Debug|x64.ActiveCfg = Debug|x64
		{31DFADCF-2E9E-4BBC-9675-DAAB197CF367}.Debug|x64.Build.0 = Debug|x64
		{31DFADCF-2E9E-4BBC-9675-DAAB197CF367}.Debug|x86.ActiveCfg = Debug|Win32
		{31DFADCF-2E9E-4BBC-9675-DAAB197CF367}.Debug|x86.Build.0 = Debug|Win32
		{31DFADCF-2E9E-4BBC-9675-DAAB197CF367}.Release|x64.ActiveCfg = Release|x64
		{31DFADCF-2E9E-4BBC-9675-DAAB197CF367}.Release|x64.Build.0 = Release|x64
		{31DFADCF-2E9E-4BBC-9675-DAAB197CF367}.Release|x86.ActiveCfg = Release|Win32
		{31DFADCF-2E9E-4BBC-9675-DAAB197CF367}.Release|x86.Build.0 = Release|Win32
		{061E9844-447C-449D-90D4-6AA9D4C2EFFE}.Debug|x64.ActiveCfg = Debug|x64
		{061E9844-447C-449D-90D4-6AA9D4C2EFFE}.Debug|x64.Build.0 = Debug|x64
		{061E9844-447C-449D-90D4-6AA9D4C2EFFE}.Debug|x86.ActiveCfg = Debug|Win32
		{061E9844-447C-449D-90D4-6AA9D4C2EFFE}.Debug|x86.Build.0 = Debug|Win32
		{061E9844-447C-449D-90D4-6AA9D4C2EFFE}.Release|x64.ActiveCfg = Release|x64
		{061E9844-447C-449D-90D4-6AA9D4C2EFFE}.Release|x64.Build.0 = Release|x64
		{061E9844-447C-449D-90D4-6AA9D4C2EFFE}.Release|x86.ActiveCfg = Release|Win32
		{061E9844-447C-449D-90D4-6AA9D4C2EFFE}.Release|x86.Build.0 = Release|Win32
		{5F03B289-63DC-462F-916E-342E28CC620D}.Debug|x64.ActiveCfg = Debug|x64
		{5F03B289-63DC-462F-916E-342E28CC620D}.Debug|x64.Build.0 = Debug|x64
		{5F03B289-63DC-462F-916E-342E28CC620D}.Debug|x86.ActiveCfg = Debug|Win32
		{5F03B289-63DC-462F-916E-342E28CC620D}.Debug|x86.Build.0 = Debug|Win32
		{5F03B289-63DC-462F-916E-342E28CC620D}.Release|x64.ActiveCfg = Release|x64
		{5F03B289-63DC-462F-916E-342E28CC620D}.Release|x64.Build.0 = Release|x64
		{5F03B289-63DC-462F-916E-342E28CC620D}.Release|x86.ActiveCfg = Release|Win32
		{5F03B289-63DC-462F-916E-342E28CC620D}.Release|x86.Build.0 = Release|Win32
		{9EA35E08-7B30-44B2-A86B-D67A41D0E9A4}.Debug|x64.ActiveCfg = Debug|x64
		{9EA35E08-7B30-44B2-A86B-D67A41D0E9A4}.Debug|x64.Build.0 = Debug|x64
		{9EA35E08-7B30-44B2-A86B-D67A41D0E9A4}.Debug|x86.ActiveCfg = Debug|Win32
		{9EA35E08-7B30-44B2-A86B-D67A41D0E9A4}.Debug|x86.Build.0 = Debug|Win32
		{9EA35E08-7B30-44B2-A86B-D67A41D0E9A4}.Release|x64.ActiveCfg = Release|x64
		{9EA35E08-7B30-44B2-A86B-D67A41D0E9A4}.Release|x64.Build.0 = Release|x64
		{9EA35E08-7B30-44B2-A86B-D67A41D0E9A4}.Release|x86.ActiveCfg = Release|Win32
		{9EA35E08-7B30-44B2-A86B-D67A41D0E9A4}.Release|x86.Build.0 = Release|Win32
		{24D47336-C4FD-41B5-8E10-332DF087F7BF}.Debug|x64.ActiveCfg = Debug|x64
		{24D47336-C4FD-41B5-8E10-332DF087F7BF}.Debug|x64.Build.0 = Debug|x64
		{24D47336-C4FD-41B5-8E10-332DF087F7BF}.Debug|x86.ActiveCfg = Debug|Win32
		{24D47336-C4FD-41B5-8E10-332DF087F7BF}.Debug|x86.Build.0 = Debug|Win32
		{24D47336-C4FD-41B5-8E10-332DF087F7BF}.Release|x64.ActiveCfg = Release|x64
		{24D47336-C4FD-41B5-8E10-332DF087F7BF}.Release|x64.Build.0 = Release|x64
		{24D47336-C4FD-41B5-8E10-332DF087F7BF}.Release|x86.ActiveCfg = Release|Win32
		{24D47336-C4FD-41B5-8E10-332DF087F7BF}.Release|x86.Build.0 = Release|Win32
		{D41B2904-6222-4877-B43D-B5F48C3BC62C}.Debug|x64.ActiveCfg = Debug|x64
		{D41B2904-6222-4877-B43D-B5F48C3BC62C}.Debug|x64.Build.0 = Debug|x64
		{D41B2904-6222-4877-B43D-B5F48C3BC62C}.Debug|x86.ActiveCfg = Debug|Win32
		{D41B2904-6222-4877-B43D-B5F48C3BC62C}.Debug|x86.Build.0 = Debug|Win32
		{D41B2904-6222-4877-B43D-B5F48C3BC62C}.Release|x64.ActiveCfg = Release|x64
		{D41B2904-6222-4877-B43D-B5F48C3BC62C}.Release|x64.Build.0 = Release|x64
		{D41B2904-6222-4877-B43D-B5F48C3BC62C}.Release|x86.ActiveCfg = Release|Win32
		{D41B2904-6222-4877-B43D-B5F48C3BC62C}.Release|x86.Build.0 = Release|Win32
		{B8D0A7B4-4E32-4D68-8072-012C9752BE99}.Debug|x64.ActiveCfg = Debug|x64
		{B8D0A7B4-4E32-4D68-8072-012C9752BE99}.Debug|x64.Build.0 = Debug|x64
		{B8D0A7B4-4E32-4D68-8072-012C9752BE99}.Debug|x86.ActiveCfg = Debug|Win32
		{B8D0A7B4-4E32-4D68-8072-012C9752BE99}.Debug|x86.Build.0 = Debug|Win32
		{B8D0A7B4-4E32-4D68-8072-012C9752BE99}.Release|x64.ActiveCfg = Release|x64
		{B8D0A7B4-4E32-4D68-8072-012C9752BE99}.Release|x64.Build.0 = Release|x64
		{B8D0A7B4-4E32-4D68-8072-012C9752BE99}.Release|x86.ActiveCfg = Release|Win32
		{B8D0A7B4-4E32-4D68-8072-012C9752BE99}.Release|x86.Build.0 = Release|Win32
		{1C5EDF1A-5B26-42BD-A62C-6A6A9FF34331}.Debug|x64.ActiveCfg = Debug|x64
		{1C5EDF1A-5B26-42BD-A62C-6A6A9FF34331}.Debug|x64.Build.0 = Debug|x64
		{1C5EDF1A-5B26-42BD-A62C-6A6A9FF34331}.Debug|x86.ActiveCfg = Debug|Win32
		{1C5EDF1A-5B26-42BD-A62C-6A6A9FF34331}.Debug|x86.Build.0 = Debug|Win32
		{1C5EDF1A-5B26-42BD-A62C-6A6A9FF34331}.Release|x64.ActiveCfg = Release|x64
		{1C5EDF1A-5B26-42BD-A62C-6A6A9FF34331}.Release|x64.Build.0 = Release|x64
		{1C5EDF1A-5B26-42BD-A62C-6A6A9FF34331}.Release|x86.ActiveCfg = Release|Win32
		{1C5EDF1A-5B26-42BD-A62C-6A6A9FF34331}.Release|x86.Build.0 = Release|Win32
		{FA75EEBE-390F-450E-A13C-5FF83DE77922}.Debug|x64.ActiveCfg = Debug|x64
		{FA75EEBE-390F-450E-A13C-5FF83DE77922}.Debug|x64.Build.0 = Debug|x64
		{FA75EEBE-390F-450E-A13C-5FF83DE77922}.Debug|x86.ActiveCfg = Debug|Win32
		{FA75EEBE-390F-450E-A13C-5FF83DE77922}.Debug|x86.Build.0 = Debug|Win32
		{FA75EEBE-390F-450E-A13C-5FF83DE77922}.Release|x64.ActiveCfg = Release|x64
		{FA75EEBE-390F-450E-A13C-5FF83DE77922}.Release|x64.Build.0 = Release|x64
		{FA75EEBE-390F-450E-A13C-5FF83DE77922}.Release|x86.ActiveCfg = Release|Win32
		{FA75EEBE-390F-450E-A13C-5FF83DE77922}.Release|x86.Build.0 = Release|Win32
		{77820B3F-EB3F-45AD-BDA0-519405357CC8}.Debug|x64.ActiveCfg = Debug|x64
		{77820B3F-EB3F-45AD-BDA0-519405357CC8}.Debug|x64.Build.0 = Debug|x64
		{77820B3F-EB3F-45AD-BDA0-519405357CC8}.Debug|x86.ActiveCfg = Debug|Win32
		{77820B3F-EB3F-45AD-BDA0-519405357CC8}.Debug|x86.Build.0 = Debug|Win32
		{77820B3F-EB3F-45AD-BDA0-519405357CC8}.Release|x64.ActiveCfg = Release|x64
		{77820B3F-EB3F-45AD-BDA0-519405357CC8}.Release|x64.Build.0 = Release|x64
		{77820B3F-EB3F-45AD-BDA0-519405357CC8}.Release|x86.ActiveCfg = Release|Win32
		{77820B3F-EB3F-45AD-BDA0-519405357CC8}.Release|x86.Build.0 = Release|Win32
		{1619EFAE-327F-4A89-A5DD-47E95018C8F9}.Debug|x64.ActiveCfg = Debug|x64
		{1619EFAE-327F-4A89-A5DD-47E95018C8F9}.Debug|x64.Build.0 = Debug|x64
		{1619EFAE-327F-4A89-A5DD-47E95018C8F9}.Debug|x86.ActiveCfg = Debug|Win32
		{1619EFAE-327F-4A89-A5DD-47E95018C8F9}.Debug|x86.Build.0 = Debug|Win32
		{1619EFAE-327F-4A89-A5DD-47E95018C8F9}.Release|x64.ActiveCfg = Release|x64
		{1619EFAE-327F-4A89-A5DD-47E95018C8F9}.Release|x64.Build.0 = Release|x64
		{1619EFAE-327F-4A89-A5DD-47E95018C8F9}.Release|x86.ActiveCfg = Release|Win32
		{1619EFAE-327F-4A89-A5DD-47E95018C8F9}.Release|x86.Build.0 = Release|Win32
		{CF638453-09CE-4652-B523-65D4A81E9BEB}.Debug|x64.ActiveCfg = Debug|x64
		{CF638453-09CE-4652-B523-65D4A81E9BEB}.Debug|x64.Build.0 = Debug|x64
		{CF638453-09CE-4652-B523-65D4A81E9BEB}.Debug|x86.ActiveCfg = Debug|Win32
		{CF638453-09CE-4652-B523-65D4A81E9BEB}.Debug|x86.Build.0 = Debug|Win32
		{CF638453-09CE-4652-B523-65D4A81E9BEB}.Release|x64.ActiveCfg = Release|x64
		{CF638453-09CE-4652-B523-65D4A81E9BEB}.Release|x64.Build.0 = Release|x64
		{CF638453-09CE-4652-B523-65D4A81E9BEB}.Release|x86.ActiveCfg = Release|Win32
		{CF638453-09CE-4652-B523-65D4A81E9BEB}.Release|x86.Build.0 = Release|Win32
		{20C20A5F-711A-4E52-9673-6058D5306302}.Debug|x64.ActiveCfg = Debug|x64
		{20C20A5F-711A-4E52-9673-6058D5306302}.Debug|x64.Build.0 = Debug|x64
		{20C20A5F-711A-4E52-9673-6058D5306302}.Debug|x86.ActiveCfg = Debug|Win32
		{20C20A5F-711A-4E52-9673-6058D5306302}.Debug|x86.Build.0 = Debug|Win32
		{20C20A5F-711A-4E52-9673-6058D5306302}.Release|x64.ActiveCfg = Release|x64
		{20C20A5F-711A-4E52-9673-6058D5306302}.Release|x64.Build.0 = Release|x64
		{20C20A5F-711A-4E52-9673-6058D5306302}.Release|x86.ActiveCfg = Release|Win32
		{20C20A5F-711A-4E52-9673-6058D5306302}.Release|x86.Build.0 = Release|Win32
		{B57E2EC4-EE8F-4644-818D-3CF4E7A35567}.Debug|x64.ActiveCfg = Debug|x64
		{B57E2EC4-EE8F-4644-818D-3CF4E7A35567}.Debug|x64.Build.0 = Debug|x64
		{B57E2EC4-EE8F-4644-818D-3CF4E7A35567}.Debug|x86.ActiveCfg = Debug|Win32
		{B57E2EC4-EE8F-4644-818D-3CF4E7A35567}.Debug|x86.Build.0 = Debug|Win32
		{B57E2EC4-EE8F-4644-818D-3CF4E7A35567}.Release|x64.ActiveCfg = Release|x64
		{B57E2EC4-EE8F-4644-818D-3CF4E7A35567}.Release|x64.Build.0 = Release|x64
		{B57E2EC4-EE8F-4644-818D-3CF4E7A35567}.Release|x86.ActiveCfg = Release|Win32
		{B57E2EC4-EE8F-4644-818D-3CF4E7A35567}.Release|x86.Build.0 = Release|Win32
		{3C2D133C-230D-4163-A2E9-2DB5BCE2AAE9}.Debug|x64.ActiveCfg = Debug|x64
		{3C2D133C-230D-4163-A2E9-2DB5BCE2AAE9}.Debug|x64.Build.0 = Debug|x64
		{3C2D133C-230D-4163-A2E9-2DB5BCE2AAE9}.Debug|x86.ActiveCfg = Debug|Win32
		{3C2D133C-230D-4163-A2E9-2DB5BCE2AAE9}.Debug|x86.Build.0 = Debug|Win32
		{3C2D133C-230D-4163-A2E9-2DB5BCE2AAE9}.Release|x64.ActiveCfg = Release|x64
		{3C2D133C-230D-4163-A2E9-2DB5BCE2AAE9}.Release|x64.Build.0 = Release|x64
		{3C2D133C-230D-4163-A2E9-2DB5BCE2AAE9}.Release|x86.ActiveCfg = Release|Win32
		{3C2D133C-230D-4163-A2E9-2DB5BCE2AAE9}.Release|x86.Build.0 = Release|Win32
		{4F61756A-3175-4666-AE45-85AB047E0008}.Debug|x64.ActiveCfg = Debug|x64
		{4F61756A-3175-4666-AE45-85AB047E0008}.Debug|x64.Build.0 = Debug|x64
		{4F61756A-3175-4666-AE45-85AB047E0008}.Debug|x86.ActiveCfg = Debug|Win32
		{4F61756A-3175-4666-AE45-85AB047E0008}.Debug|x86.Build.0 = Debug|Win32
		{4F61756A-3175-4666-AE45-85AB047E0008}.Release|x64.ActiveCfg = Release|x64
		{4F61756A-3175-4666-AE45-85AB047E0008}.Release|x64.Build.0 = Release|x64
		{4F61756A-3175-4666-AE45-85AB047E0008}.Release|x86.ActiveCfg = Release|Win32
		{4F61756A-3175-4666-AE45-85AB047E0008}.Release|x86.Build.0 = Release|Win32
		{1F368738-5C9B-411B-8AEA-A874F53C2957}.Debug|x64.ActiveCfg = Debug|x64
		{1F368738-5C9B-411B-8AEA-A874F53C2957}.Debug|x64.Build.0 = Debug|x64
		{1F368738-5C9B-411B-8AEA-A874F53C2957}.Debug|x86.ActiveCfg = Debug|Win32
		{1F368738-5C9B-411B-8AEA-A874F53C2957}.Debug|x86.Build.0 = Debug|Win32
		{1F368738-5C9B-411B-8AEA-A874F53C2957}.Release|x64.ActiveCfg = Release|x64
		{1F368738-5C9B-411B-8AEA-A874F53C2957}.Release|x64.Build.0 = Release|x64
		{1F368738-5C9B-411B-8AEA-A874F53C2957}.Release|x86.ActiveCfg = Release|Win32
		{1F368738-5C9B-411B-8AEA-A874F53C2957}.Release|x86.Build.0 = Release|Win32
		{27C474ED-6C58-46BF-83A0-35EC8955D22B}.Debug|x64.ActiveCfg = Debug|x64
		{27C474ED-6C58-46BF-83A0-35EC8955D22B}.Debug|x64.Build.0 = Debug|x64
		{27C474ED-6C58-46BF-83A0-35EC8955D22B}.Debug|x86.ActiveCfg = Debug|Win32
		{27C474ED-6C58-46BF-83A0-35EC8955D22B}.Debug|x86.Build.0 = Debug|Win32
		{27C474ED-6C58-46BF-83A0-35EC8955D22B}.Release|x64.ActiveCfg = Release|x64
		{27C474ED-6C58-46BF-83A0-35EC8955D22B}.Release|x64.Build.0 = Release|x64
		{27C474ED-6C58-46BF-83A0-35EC8955D22B}.Release|x86.ActiveCfg = Release|Win32
		{27C474ED-6C58-46BF-83A0-35EC8955D22B}.Release|x86.Build.0 = Release|Win32
		{50792135-DB4A-47D8-9FE2-6DD8F6404D57}.Debug|x64.ActiveCfg = Debug|x64
		{50792135-DB4A-47D8-9FE2-6DD8F6404D57}.Debug|x64.Build.0 = Debug|x64
		{50792135-DB4A-47D8-9FE2-6DD8F6404D57}.Debug|x86.ActiveCfg = Debug|Win32
		{50792135-DB4A-47D8-9FE2-6DD8F6404D57}.Debug|x86.Build.0 = Debug|Win32
		{50792135-DB4A-47D8-9FE2-6DD8F6404D57}.Release|x64.ActiveCfg = Release|x64
		{50792135-DB4A-47D8-9FE2-6DD8F6404D57}.Release|x64.Build.0 = Release|x64
		{50792135-DB4A-47D8-9FE2-6DD8F6404D57}.Release|x86.ActiveCfg = Release|Win32
		{50792135-DB4A-47D8-9FE2-6DD8F6404D57}.Release|x86.Build.0 = Release|Win32
		{606193C2-4B34-4B67-AE71-E00D9A9ABEC6}.Debug|x64.ActiveCfg = Debug|x64
		{606193C2-4B34-4B67-AE71-E00D9A9ABEC6}.Debug|x64.Build.0 = Debug|x64
		{606193C2-4B34-4B67-AE71-E00D9A9ABEC6}.Debug|x86.ActiveCfg = Debug|Win32
		{606193C2-4B34-4B67-AE71-E00D9A9ABEC6}.Debug|x86.Build.0 = Debug|Win32
		{606193C2-4B34-4B67-AE71-E00D9A9ABEC6}.Release|x64.ActiveCfg = Release|x64
		{606193C2-4B34-4B67-AE71-E00D9A9ABEC6}.Release|x64.Build.0 = Release|x64
		{606193C2-4B34-4B67-AE71-E00D9A9ABEC6}.Release|x86.ActiveCfg = Release|Win32
		{606193C2-4B34-4B67-AE71-E00D9A9ABEC6}.Release|x86.Build.0 = Release|Win32
		{A9268E62-3B8B-4D73-9273-E687F084891F}.Debug|x64.ActiveCfg = Debug|x64
		{A9268E62-3B8B-4D73-9273-E687F084891F}.Debug|x64.Build.0 = Debug|x64
		{A9268E62-3B8B-4D73-9273-E687F084891F}.Debug|x86.ActiveCfg = Debug|Win32
		{A9268E62-3B8B-4D73-9273-E687F084891F}.Debug|x86.Build.0 = Debug|Win32
		{A9268E62-3B8B-4D73-9273-E687F084891F}.Release|x64.ActiveCfg = Release|x64
		{A9268E62-3B8B-4D73-9273-E687F084891F}.Release|x64.Build.0 = Release|x64
		{A9268E62-3B8B-4D73-9273-E687F084891F}.Release|x86.ActiveCfg = Release|Win32
		{A9268E62-3B8B-4D73-9273-E687F084891F}.Release|x86.Build.0 = Release|Win32
		{E5889A76-1BEF-4537-82A3-4C83689157F4}.Debug|x64.ActiveCfg = Debug|x64
		{E5889A76-1BEF-4537-82A3-4C83689157F4}.Debug|x64.Build.0 = Debug|x64
		{E5889A76-1BEF-4537-82A3-4C83689157F4}.Debug|x86.ActiveCfg = Debug|Win32
		{E5889A76-1BEF-4537-82A3-4C83689157F4}.Debug|x86.Build.0 = Debug|Win32
		{E5889A76-1BEF-4537-82A3-4C83689157F4}.Release|x64.ActiveCfg = Release|x64
		{E5889A76-1BEF-4537-82A3-4C83689157F4}.Release|x64.Build.0 = Release|x64
		{E5889A76-1BEF-4537-82A3-4C83689157F4}.Release|x86.ActiveCfg = Release|Win32
		{E5889A76-1BEF-4537-82A3-4C83689157F4}.Release|x86.Build.0 = Release|Win32
		{99A70DAC-24E1-48F5-97A4-C6554CC465CF}.Debug|x64.ActiveCfg = Debug|x64
		{99A70DAC-24E1-48F5-97A4-C6554CC465CF}.Debug|x64.Build.0 = Debug|x64
		{99A70DAC-24E1-48F5-97A4-C6554CC465CF}.Debug|x86.ActiveCfg = Debug|Win32
		{99A70DAC-24E1-48F5-97A4-C6554CC465CF}.Debug|x86.Build.0 = Debug|Win32
		{99A70DAC-24E1-48F5-97A4-C6554CC465CF}.Release|x64.ActiveCfg = Release|x64
		{99A70DAC-24E1-48F5-97A4-C6554CC465CF}.Release|x64.Build.0 = Release|x64
		{99A70DAC-24E1-48F5-97A4-C6554CC465CF}.Release|x86.ActiveCfg = Release|Win32
		{99A70DAC-24E1-48F5-97A4-C6554CC465CF}.Release|x86.Build.0 = Release|Win32
		{ADAC5A93-943B-4584-B3F9-66AD5DC26F57}.Debug|x64.ActiveCfg = Debug|x64
		{ADAC5A93-943B-4584-B3F9-66AD5DC26F57}.Debug|x64.Build.0 = Debug|x64
		{ADAC5A93-943B-4584-B3F9-66AD5DC26F57}.Debug|x86.ActiveCfg = Debug|Win32
		{ADAC5A93-943B-4584-B3F9-66AD5DC26F57}.Debug|x86.Build.0 = Debug|Win32
		{ADAC5A93-943B-4584-B3F9-66AD5DC26F57}.Release|x64.ActiveCfg = Release|x64
		{ADAC5A93-943B-4584-B3F9-66AD5DC26F57}.Release|x64.Build.0 = Release|x64
		{ADAC5A93-943B-4584-B3F9-66AD5DC26F57}.Release|x86.ActiveCfg = Release|Win32
		{ADAC5A93-943B-4584-B3F9-66AD5DC26F57}.Release|x86.Build.0 = Release|Win32
		{94DCF1F2-2622-4090-BEFB-F941FF009488}.Debug|x64.ActiveCfg = Debug|x64
		{94DCF1F2-2622-4090-BEFB-F941FF009488}.Debug|x64.Build.0 = Debug|x64
		{94DCF1F2-2622-4090-BEFB-F941FF009488}.Debug|x86.ActiveCfg = Debug|Win32
		{94DCF1F2-2622-4090-BEFB-F941FF009488}.Debug|x86.Build.0 = Debug|Win32
		{94DCF1F2-2622-4090-BEFB-F941FF009488}.Release|x64.ActiveCfg = Release|x64
		{94DCF1F2-2622-4090-BEFB-F941FF009488}.Release|x64.Build.0 = Release|x64
		{94DCF1F2-2622-4090-BEFB-F941FF009488}.Release|x86.ActiveCfg = Release|Win32
		{94DCF1F2-2622-4090-BEFB-F941FF009488}.Release|x86.Build.0 = Release|Win32
		{996470E5-8C32-4E52-A789-CF5F0E129FD5}.Debug|x64.ActiveCfg = Debug|x64
		{996470E5-8C32-4E52-A789-CF5F0E129FD5}.Debug|x64.Build.0 = Debug|x64
		{996470E5-8C32-4E52-A789-CF5F0E129FD5}.Debug|x86.ActiveCfg = Debug|Win32
		{996470E5-8C32-4E52-A789-CF5F0E129FD5}.Debug|x86.Build.0 = Debug|Win32
		{996470E5-8C32-4E52-A789-CF5F0E129FD5}.Release|x64.ActiveCfg = Release|x64
		{996470E5-8C32-4E52-A789-CF5F0E129FD5}.Release|x64.Build.0 = Release|x64
		{996470E5-8C32-4E52-A789-CF5F0E129FD5}.Release|x86.ActiveCfg = Release|Win32
		{996470E5-8C32-4E52-A789-CF5F0E129FD5}.Release|x86.Build.0 = Release|Win32
		{B938A628-7A55-4E65-AFFB-77545CC3BC03}.Debug|x64.ActiveCfg = Debug|x64
		{B938A628-7A55-4E65-AFFB-77545CC3BC03}.Debug|x64.Build.0 = Debug|x64
		{B938A628-7A55-4E65-AFFB-77545CC3BC03}.Debug|x86.ActiveCfg = Debug|Win32
		{B938A628-7A55-4E65-AFFB-77545CC3BC03}.Debug|x86.Build.0 = Debug|Win32
		{B938A628-7A55-4E65-AFFB-77545CC3BC03}.Release|x64.ActiveCfg = Release|x64
		{B938A628-7A55-4E65-AFFB-77545CC3BC03}.Release|x64.Build.0 = Release|x64
		{B938A628-7A55-4E65-AFFB-77545CC3BC03}.Release|x86.ActiveCfg = Release|Win32
		{B938A628-7A55-4E65-AFFB-77545CC3BC03}.Release|x86.Build.0 = Release|Win32
		{0ACEBF45-8515-409B-99DE-190CD392A6FC}.Debug|x64.ActiveCfg = Debug|x64
		{0ACEBF45-8515-409B-99DE-190CD392A6FC}.Debug|x64.Build.0 = Debug|x64
		{0ACEBF45-8515-409B-99DE-190CD392A6FC}.Debug|x86.ActiveCfg = Debug|Win32
		{0ACEBF45-8515-409B-99DE-190CD392A6FC}.Debug|x86.Build.0 = Debug|Win32
		{0ACEBF45-8515-409B-99DE-190CD392A6FC}.Release|x64.ActiveCfg = Release|x64
		{0ACEBF45-8515-409B-99DE-190CD392A6FC}.Release|x64.Build.0 = Release|x64
		{0ACEBF45-8515-409B-99DE-190CD392A6FC}.Release|x86.ActiveCfg = Release|Win32
		{0ACEBF45-8515-409B-99DE-190CD392A6FC}.Release|x86.Build.0 = Release|Win32
		{20F92699-1523-49AE-9BE5-BD35177DB71A}.Debug|x64.ActiveCfg = Debug|x64
		{20F92699-1523-49AE-9BE5-BD35177DB71A}.Debug|x64.Build.0 = Debug|x64
		{20F92699-1523-49AE-9BE5-BD35177DB71A}.Debug|x86.ActiveCfg = Debug|Win32
		{20F92699-1523-49AE-9BE5-BD35177DB71A}.Debug|x86.Build.0 = Debug|Win32
		{20F92699-1523-49AE-9BE5-BD35177DB71A}.Release|x64.ActiveCfg = Release|x64
		{20F92699-1523-49AE-9BE5-BD35177DB71A}.Release|x64.Build.0 = Release|x64
		{20F92699-1523-49AE-9BE5-BD35177DB71A}.Release|x86.ActiveCfg = Release|Win32
		{20F92699-1523-49AE-9BE5-BD35177DB71A}.Release|x86.Build.0 = Release|Win32
		{07E83F05-93B5-44BB-BC86-F99EA4AA01EB}.Debug|x64.ActiveCfg = Debug|x64
		{07E83F05-93B5-44BB-BC86-F99EA4AA01EB}.Debug|x64.Build.0 = Debug|x64
		{07E83F05-93B5-44BB-BC86-F99EA4AA01EB}.Debug|x86.ActiveCfg = Debug|Win32
		{07E83F05-93B5-44BB-BC86-F99EA4AA01EB}.Debug|x86.Build.0 = Debug|Win32
		{07E83F05-93B5-44BB-BC86-F99EA4AA01EB}.Release|x64.ActiveCfg = Release|x64
		{07E83F05-93B5-44BB-BC86-F99EA4AA01EB}.Release|x64.Build.0 = Release|x64
		{07E83F05-93B5-44BB-BC86-F99EA4AA01EB}.Release|x86.ActiveCfg = Release|Win32
		{07E83F05-93B5-44BB-BC86-F99EA4AA01EB}.Release|x86.Build.0 = Release|Win32
		{A3899A72-0F3A-4D37-B4FE-4A48204FE42F}.Debug|x64.ActiveCfg = Debug|x64
		{A3899A72-0F3A-4D37-B4FE-4A48204FE42F}.Debug|x64.Build.0 = Debug|x64
		{A3899A72-0F3A-4D37-B4FE-4A48204FE42F}.Debug|x86.ActiveCfg = Debug|Win32
		{A3899A72-0F3A-4D37-B4FE-4A48204FE42F}.Debug|x86.Build.0 = Debug|Win32
		{A3899A72-0F3A-4D37-B4FE-4A48204FE42F}.Release|x64.ActiveCfg = Release|x64
		{A3899A72-0F3A-4D37-B4FE-4A48204FE42F}.Release|x64.Build.0 = Release|x64
		{A3899A72-0F3A-4D37-B4FE-4A48204FE42F}.Release|x86.ActiveCfg = Release|Win32
		{A3899A72-0F3A-4D37-B4FE-4A48204FE42F}.Release|x86.Build.0 = Release|Win32
		{0991EA95-B662-461D-BAD0-50ACCC348C57}.Debug|x64.ActiveCfg = Debug|x64
		{0991EA95-B662-461D-BAD0-50ACCC348C57}.Debug|x64.Build.0 = Debug|x64
		{0991EA95-B662-461D-BAD0-50ACCC348C57}.Debug|x86.ActiveCfg = Debug|Win32
		{0991EA95-B662-461D-BAD0-50ACCC348C57}.Debug|x86.Build.0 = Debug|Win32
		{0991EA95-B662-461D-BAD0-50ACCC348C57}.Release|x64.ActiveCfg = Release|x64
		{0991EA95-B662-461D-BAD0-50ACCC348C57}.Release|x64.Build.0 = Release|x64
		{0991EA95-B662-461D-BAD0-50ACCC348C57}.Release|x86.ActiveCfg = Release|Win32
		{0991EA95-B662-461D-BAD0-50ACCC348C57}.Release|x86.Build.0 = Release|Win32
		{148554ED-E0CC-4F5E-9E69-28430F973EB4}.Debug|x64.ActiveCfg = Debug|x64
		{148554ED-E0CC-4F5E-9E69-28430F973EB4}.Debug|x64.Build.0 = Debug|x64
		{148554ED-E0CC-4F5E-9E69-28430F973EB4}.Debug|x86.ActiveCfg = Debug|Win32
		{148554ED-E0CC-4F5E-9E69-28430F973EB4}.Debug|x86.Build.0 = Debug|Win32
		{148554ED-E0CC-4F5E-9E69-28430F973EB4}.Release|x64.ActiveCfg = Release|x64
		{148554ED-E0CC-4F5E-9E69-28430F973EB4}.Release|x64.Build.0 = Release|x64
		{148554ED-E0CC-4F5E-9E69-28430F973EB4}.Release|x86.ActiveCfg = Release|Win32
		{148554ED-E0CC-4F5E-9E69-28430F973EB4}.Release|x86.Build.0 = Release|Win32
	EndGlobalSection
	GlobalSection(SolutionProperties) = preSolution
		HideSolutionNode = FALSE
	EndGlobalSection
	GlobalSection(NestedProjects) = preSolution
		{A867F966-FCA3-49DD-A8AF-6E626B50D10F} = {3DC4910D-F678-465E-9896-4074D063D5A6}
		{523216DA-D453-4291-B7AB-E477ADC721C0} = {F03C7125-45A4-4B77-AD1A-DB4F4728BB91}
		{4C379B4B-FFE9-4861-862D-189E602C12EA} = {3DC4910D-F678-465E-9896-4074D063D5A6}
		{AE2DBA87-691C-416B-AE74-A8382BCDDCAA} = {3DC4910D-F678-465E-9896-4074D063D5A6}
		{E2365D71-A0A1-4391-AB3F-4939FACD9B61} = {3DC4910D-F678-465E-9896-4074D063D5A6}
		{D30DDC5A-511A-4DC0-9663-11DFA459D3E7} = {EDA547F3-4A52-4F83-BF70-58E1728E33F5}
		{B8D0A7B4-4E32-4D68-8072-012C9752BE99} = {EDA547F3-4A52-4F83-BF70-58E1728E33F5}
		{77820B3F-EB3F-45AD-BDA0-519405357CC8} = {EDA547F3-4A52-4F83-BF70-58E1728E33F5}
		{606193C2-4B34-4B67-AE71-E00D9A9ABEC6} = {3DC4910D-F678-465E-9896-4074D063D5A6}
		{ADAC5A93-943B-4584-B3F9-66AD5DC26F57} = {EDA547F3-4A52-4F83-BF70-58E1728E33F5}
		{0ACEBF45-8515-409B-99DE-190CD392A6FC} = {75891E3D-50AA-4D5C-9FBA-144A3F7B5052}
		{148554ED-E0CC-4F5E-9E69-28430F973EB4} = {AC60E60E-1126-4647-A165-2691FCE68543}
	EndGlobalSection
	GlobalSection(ExtensibilityGlobals) = postSolution
		SolutionGuid = {FBB19FA0-0B86-4207-8D7C-52BE09908305}
	EndGlobalSection
EndGlobal
